// !$*UTF8*$!
{
	archiveVersion = 1;
	classes = {
	};
	objectVersion = 50;
	objects = {

/* Begin PBXBuildFile section */
		2D35398821C1B45500E9317E /* RedeemViewController.swift in Sources */ = {isa = PBXBuildFile; fileRef = 2D35398721C1B45500E9317E /* RedeemViewController.swift */; };
		2D35398A21C1C55500E9317E /* WalletViewController.swift in Sources */ = {isa = PBXBuildFile; fileRef = 2D35398921C1C55500E9317E /* WalletViewController.swift */; };
		2D43AF0021BF28E3006D81DF /* SettingsViewController.swift in Sources */ = {isa = PBXBuildFile; fileRef = 2D43AEFF21BF28E3006D81DF /* SettingsViewController.swift */; };
		2D60070321B9EE4A00B892BB /* AppDelegate.swift in Sources */ = {isa = PBXBuildFile; fileRef = 2D60070221B9EE4A00B892BB /* AppDelegate.swift */; };
		2D60070521B9EE4A00B892BB /* ViewController.swift in Sources */ = {isa = PBXBuildFile; fileRef = 2D60070421B9EE4A00B892BB /* ViewController.swift */; };
		2D60070821B9EE4A00B892BB /* Main.storyboard in Resources */ = {isa = PBXBuildFile; fileRef = 2D60070621B9EE4A00B892BB /* Main.storyboard */; };
		2D60070A21B9EE4B00B892BB /* Assets.xcassets in Resources */ = {isa = PBXBuildFile; fileRef = 2D60070921B9EE4B00B892BB /* Assets.xcassets */; };
		2D60070D21B9EE4B00B892BB /* LaunchScreen.storyboard in Resources */ = {isa = PBXBuildFile; fileRef = 2D60070B21B9EE4B00B892BB /* LaunchScreen.storyboard */; };
		2D60071821B9EE4B00B892BB /* FitnessPointsTests.swift in Sources */ = {isa = PBXBuildFile; fileRef = 2D60071721B9EE4B00B892BB /* FitnessPointsTests.swift */; };
		2D60072321B9EE4B00B892BB /* FitnessPointsUITests.swift in Sources */ = {isa = PBXBuildFile; fileRef = 2D60072221B9EE4B00B892BB /* FitnessPointsUITests.swift */; };
		2D60073121B9EEA700B892BB /* LocationsModel.swift in Sources */ = {isa = PBXBuildFile; fileRef = 2D60073021B9EEA700B892BB /* LocationsModel.swift */; };
		2D60073321B9EEB600B892BB /* DistanceCalculator.swift in Sources */ = {isa = PBXBuildFile; fileRef = 2D60073221B9EEB600B892BB /* DistanceCalculator.swift */; };
		2D7EDB3D21C2F91D00A0D12F /* Offer.swift in Sources */ = {isa = PBXBuildFile; fileRef = 2D7EDB3C21C2F91D00A0D12F /* Offer.swift */; };
		2DBDAEB221BB097A00E64C63 /* GoogleService-Info.plist in Resources */ = {isa = PBXBuildFile; fileRef = 2DBDAEB121BB097A00E64C63 /* GoogleService-Info.plist */; };
		2DEBA5BA21BB0EE500C9B96C /* WelcomeViewController.swift in Sources */ = {isa = PBXBuildFile; fileRef = 2DEBA5B921BB0EE500C9B96C /* WelcomeViewController.swift */; };
		2DEBA5BC21BB11AF00C9B96C /* LogInViewController.swift in Sources */ = {isa = PBXBuildFile; fileRef = 2DEBA5BB21BB11AF00C9B96C /* LogInViewController.swift */; };
		2DEBA5BE21BB11BD00C9B96C /* RegisterViewController.swift in Sources */ = {isa = PBXBuildFile; fileRef = 2DEBA5BD21BB11BD00C9B96C /* RegisterViewController.swift */; };
		2DFAA26C21C43C1100A66C83 /* Wallet.swift in Sources */ = {isa = PBXBuildFile; fileRef = 2DFAA26B21C43C1100A66C83 /* Wallet.swift */; };
		2DFAE60721BB312B00EB7BA4 /* Points.swift in Sources */ = {isa = PBXBuildFile; fileRef = 2DFAE60621BB312B00EB7BA4 /* Points.swift */; };
		6C7DAFA13C555D5087E64226 /* Pods_FitnessPointsTests.framework in Frameworks */ = {isa = PBXBuildFile; fileRef = 3D96A3FE8ED436E7EF31333D /* Pods_FitnessPointsTests.framework */; };
		6DBA498A27DC1AA7E1CC639A /* Pods_FitnessPointsUITests.framework in Frameworks */ = {isa = PBXBuildFile; fileRef = E050BFBF8324F42C8AA0BF26 /* Pods_FitnessPointsUITests.framework */; };
		FBE516471AD0F0949DF10B9E /* Pods_FitnessPoints.framework in Frameworks */ = {isa = PBXBuildFile; fileRef = B857074467AC12ED50F53CD8 /* Pods_FitnessPoints.framework */; };
/* End PBXBuildFile section */

/* Begin PBXContainerItemProxy section */
		2D60071421B9EE4B00B892BB /* PBXContainerItemProxy */ = {
			isa = PBXContainerItemProxy;
			containerPortal = 2D6006F721B9EE4A00B892BB /* Project object */;
			proxyType = 1;
			remoteGlobalIDString = 2D6006FE21B9EE4A00B892BB;
			remoteInfo = FitnessPoints;
		};
		2D60071F21B9EE4B00B892BB /* PBXContainerItemProxy */ = {
			isa = PBXContainerItemProxy;
			containerPortal = 2D6006F721B9EE4A00B892BB /* Project object */;
			proxyType = 1;
			remoteGlobalIDString = 2D6006FE21B9EE4A00B892BB;
			remoteInfo = FitnessPoints;
		};
/* End PBXContainerItemProxy section */

/* Begin PBXFileReference section */
		18562E2E6DE60D47469B56FC /* Pods-FitnessPointsUITests.release.xcconfig */ = {isa = PBXFileReference; includeInIndex = 1; lastKnownFileType = text.xcconfig; name = "Pods-FitnessPointsUITests.release.xcconfig"; path = "Pods/Target Support Files/Pods-FitnessPointsUITests/Pods-FitnessPointsUITests.release.xcconfig"; sourceTree = "<group>"; };
		24A2909C997AE6BB2BD28EA8 /* Pods-FitnessPoints.debug.xcconfig */ = {isa = PBXFileReference; includeInIndex = 1; lastKnownFileType = text.xcconfig; name = "Pods-FitnessPoints.debug.xcconfig"; path = "Pods/Target Support Files/Pods-FitnessPoints/Pods-FitnessPoints.debug.xcconfig"; sourceTree = "<group>"; };
		260BB852C9D18503ECFA2EC9 /* Pods-FitnessPoints.release.xcconfig */ = {isa = PBXFileReference; includeInIndex = 1; lastKnownFileType = text.xcconfig; name = "Pods-FitnessPoints.release.xcconfig"; path = "Pods/Target Support Files/Pods-FitnessPoints/Pods-FitnessPoints.release.xcconfig"; sourceTree = "<group>"; };
		279F18E9B1C56C3EB6CF1234 /* Pods-FitnessPointsTests.release.xcconfig */ = {isa = PBXFileReference; includeInIndex = 1; lastKnownFileType = text.xcconfig; name = "Pods-FitnessPointsTests.release.xcconfig"; path = "Pods/Target Support Files/Pods-FitnessPointsTests/Pods-FitnessPointsTests.release.xcconfig"; sourceTree = "<group>"; };
		2D35398721C1B45500E9317E /* RedeemViewController.swift */ = {isa = PBXFileReference; lastKnownFileType = sourcecode.swift; path = RedeemViewController.swift; sourceTree = "<group>"; };
		2D35398921C1C55500E9317E /* WalletViewController.swift */ = {isa = PBXFileReference; lastKnownFileType = sourcecode.swift; path = WalletViewController.swift; sourceTree = "<group>"; };
		2D43AEFF21BF28E3006D81DF /* SettingsViewController.swift */ = {isa = PBXFileReference; lastKnownFileType = sourcecode.swift; path = SettingsViewController.swift; sourceTree = "<group>"; };
		2D6006FF21B9EE4A00B892BB /* FitnessPoints.app */ = {isa = PBXFileReference; explicitFileType = wrapper.application; includeInIndex = 0; path = FitnessPoints.app; sourceTree = BUILT_PRODUCTS_DIR; };
		2D60070221B9EE4A00B892BB /* AppDelegate.swift */ = {isa = PBXFileReference; lastKnownFileType = sourcecode.swift; path = AppDelegate.swift; sourceTree = "<group>"; };
		2D60070421B9EE4A00B892BB /* ViewController.swift */ = {isa = PBXFileReference; lastKnownFileType = sourcecode.swift; path = ViewController.swift; sourceTree = "<group>"; };
		2D60070721B9EE4A00B892BB /* Base */ = {isa = PBXFileReference; lastKnownFileType = file.storyboard; name = Base; path = Base.lproj/Main.storyboard; sourceTree = "<group>"; };
		2D60070921B9EE4B00B892BB /* Assets.xcassets */ = {isa = PBXFileReference; lastKnownFileType = folder.assetcatalog; path = Assets.xcassets; sourceTree = "<group>"; };
		2D60070C21B9EE4B00B892BB /* Base */ = {isa = PBXFileReference; lastKnownFileType = file.storyboard; name = Base; path = Base.lproj/LaunchScreen.storyboard; sourceTree = "<group>"; };
		2D60070E21B9EE4B00B892BB /* Info.plist */ = {isa = PBXFileReference; lastKnownFileType = text.plist.xml; path = Info.plist; sourceTree = "<group>"; };
		2D60071321B9EE4B00B892BB /* FitnessPointsTests.xctest */ = {isa = PBXFileReference; explicitFileType = wrapper.cfbundle; includeInIndex = 0; path = FitnessPointsTests.xctest; sourceTree = BUILT_PRODUCTS_DIR; };
		2D60071721B9EE4B00B892BB /* FitnessPointsTests.swift */ = {isa = PBXFileReference; lastKnownFileType = sourcecode.swift; path = FitnessPointsTests.swift; sourceTree = "<group>"; };
		2D60071921B9EE4B00B892BB /* Info.plist */ = {isa = PBXFileReference; lastKnownFileType = text.plist.xml; path = Info.plist; sourceTree = "<group>"; };
		2D60071E21B9EE4B00B892BB /* FitnessPointsUITests.xctest */ = {isa = PBXFileReference; explicitFileType = wrapper.cfbundle; includeInIndex = 0; path = FitnessPointsUITests.xctest; sourceTree = BUILT_PRODUCTS_DIR; };
		2D60072221B9EE4B00B892BB /* FitnessPointsUITests.swift */ = {isa = PBXFileReference; lastKnownFileType = sourcecode.swift; path = FitnessPointsUITests.swift; sourceTree = "<group>"; };
		2D60072421B9EE4B00B892BB /* Info.plist */ = {isa = PBXFileReference; lastKnownFileType = text.plist.xml; path = Info.plist; sourceTree = "<group>"; };
		2D60073021B9EEA700B892BB /* LocationsModel.swift */ = {isa = PBXFileReference; lastKnownFileType = sourcecode.swift; path = LocationsModel.swift; sourceTree = "<group>"; };
		2D60073221B9EEB600B892BB /* DistanceCalculator.swift */ = {isa = PBXFileReference; lastKnownFileType = sourcecode.swift; path = DistanceCalculator.swift; sourceTree = "<group>"; };
		2D7EDB3C21C2F91D00A0D12F /* Offer.swift */ = {isa = PBXFileReference; lastKnownFileType = sourcecode.swift; path = Offer.swift; sourceTree = "<group>"; };
		2DBDAEB121BB097A00E64C63 /* GoogleService-Info.plist */ = {isa = PBXFileReference; fileEncoding = 4; lastKnownFileType = text.plist.xml; path = "GoogleService-Info.plist"; sourceTree = "<group>"; };
		2DEBA5B921BB0EE500C9B96C /* WelcomeViewController.swift */ = {isa = PBXFileReference; lastKnownFileType = sourcecode.swift; path = WelcomeViewController.swift; sourceTree = "<group>"; };
		2DEBA5BB21BB11AF00C9B96C /* LogInViewController.swift */ = {isa = PBXFileReference; lastKnownFileType = sourcecode.swift; path = LogInViewController.swift; sourceTree = "<group>"; };
		2DEBA5BD21BB11BD00C9B96C /* RegisterViewController.swift */ = {isa = PBXFileReference; lastKnownFileType = sourcecode.swift; path = RegisterViewController.swift; sourceTree = "<group>"; };
		2DFAA26B21C43C1100A66C83 /* Wallet.swift */ = {isa = PBXFileReference; lastKnownFileType = sourcecode.swift; path = Wallet.swift; sourceTree = "<group>"; };
		2DFAE60621BB312B00EB7BA4 /* Points.swift */ = {isa = PBXFileReference; lastKnownFileType = sourcecode.swift; path = Points.swift; sourceTree = "<group>"; };
		3D96A3FE8ED436E7EF31333D /* Pods_FitnessPointsTests.framework */ = {isa = PBXFileReference; explicitFileType = wrapper.framework; includeInIndex = 0; path = Pods_FitnessPointsTests.framework; sourceTree = BUILT_PRODUCTS_DIR; };
		9AB2D6812D60F004A185DDB6 /* Pods-FitnessPointsTests.debug.xcconfig */ = {isa = PBXFileReference; includeInIndex = 1; lastKnownFileType = text.xcconfig; name = "Pods-FitnessPointsTests.debug.xcconfig"; path = "Pods/Target Support Files/Pods-FitnessPointsTests/Pods-FitnessPointsTests.debug.xcconfig"; sourceTree = "<group>"; };
		B857074467AC12ED50F53CD8 /* Pods_FitnessPoints.framework */ = {isa = PBXFileReference; explicitFileType = wrapper.framework; includeInIndex = 0; path = Pods_FitnessPoints.framework; sourceTree = BUILT_PRODUCTS_DIR; };
		BCFA345CA53B553A6F1FCEF5 /* Pods-FitnessPointsUITests.debug.xcconfig */ = {isa = PBXFileReference; includeInIndex = 1; lastKnownFileType = text.xcconfig; name = "Pods-FitnessPointsUITests.debug.xcconfig"; path = "Pods/Target Support Files/Pods-FitnessPointsUITests/Pods-FitnessPointsUITests.debug.xcconfig"; sourceTree = "<group>"; };
		E050BFBF8324F42C8AA0BF26 /* Pods_FitnessPointsUITests.framework */ = {isa = PBXFileReference; explicitFileType = wrapper.framework; includeInIndex = 0; path = Pods_FitnessPointsUITests.framework; sourceTree = BUILT_PRODUCTS_DIR; };
/* End PBXFileReference section */

/* Begin PBXFrameworksBuildPhase section */
		2D6006FC21B9EE4A00B892BB /* Frameworks */ = {
			isa = PBXFrameworksBuildPhase;
			buildActionMask = 2147483647;
			files = (
				FBE516471AD0F0949DF10B9E /* Pods_FitnessPoints.framework in Frameworks */,
			);
			runOnlyForDeploymentPostprocessing = 0;
		};
		2D60071021B9EE4B00B892BB /* Frameworks */ = {
			isa = PBXFrameworksBuildPhase;
			buildActionMask = 2147483647;
			files = (
				6C7DAFA13C555D5087E64226 /* Pods_FitnessPointsTests.framework in Frameworks */,
			);
			runOnlyForDeploymentPostprocessing = 0;
		};
		2D60071B21B9EE4B00B892BB /* Frameworks */ = {
			isa = PBXFrameworksBuildPhase;
			buildActionMask = 2147483647;
			files = (
				6DBA498A27DC1AA7E1CC639A /* Pods_FitnessPointsUITests.framework in Frameworks */,
			);
			runOnlyForDeploymentPostprocessing = 0;
		};
/* End PBXFrameworksBuildPhase section */

/* Begin PBXGroup section */
		2D0B7AF121BF69C7007DA5D2 /* Controllers */ = {
			isa = PBXGroup;
			children = (
				2D60070421B9EE4A00B892BB /* ViewController.swift */,
				2D35398921C1C55500E9317E /* WalletViewController.swift */,
				2D35398721C1B45500E9317E /* RedeemViewController.swift */,
				2DEBA5B921BB0EE500C9B96C /* WelcomeViewController.swift */,
				2DEBA5BD21BB11BD00C9B96C /* RegisterViewController.swift */,
				2DEBA5BB21BB11AF00C9B96C /* LogInViewController.swift */,
				2D43AEFF21BF28E3006D81DF /* SettingsViewController.swift */,
			);
			path = Controllers;
			sourceTree = "<group>";
		};
		2D0B7AF221BF69D5007DA5D2 /* Views */ = {
			isa = PBXGroup;
			children = (
				2D60070621B9EE4A00B892BB /* Main.storyboard */,
				2D60070B21B9EE4B00B892BB /* LaunchScreen.storyboard */,
			);
			path = Views;
			sourceTree = "<group>";
		};
		2D0B7AF321BF69E5007DA5D2 /* Data Models and Utilities */ = {
			isa = PBXGroup;
			children = (
				2D7EDB3C21C2F91D00A0D12F /* Offer.swift */,
				2DFAA26B21C43C1100A66C83 /* Wallet.swift */,
				2D60073021B9EEA700B892BB /* LocationsModel.swift */,
				2D60073221B9EEB600B892BB /* DistanceCalculator.swift */,
				2DFAE60621BB312B00EB7BA4 /* Points.swift */,
			);
			path = "Data Models and Utilities";
			sourceTree = "<group>";
		};
		2D6006F621B9EE4A00B892BB = {
			isa = PBXGroup;
			children = (
				2D60070121B9EE4A00B892BB /* FitnessPoints */,
				2D60071621B9EE4B00B892BB /* FitnessPointsTests */,
				2D60072121B9EE4B00B892BB /* FitnessPointsUITests */,
				2D60070021B9EE4A00B892BB /* Products */,
				F7741D62E0217D67CC39DDB2 /* Pods */,
				B7AA51F3788E506C464E0F65 /* Frameworks */,
			);
			sourceTree = "<group>";
		};
		2D60070021B9EE4A00B892BB /* Products */ = {
			isa = PBXGroup;
			children = (
				2D6006FF21B9EE4A00B892BB /* FitnessPoints.app */,
				2D60071321B9EE4B00B892BB /* FitnessPointsTests.xctest */,
				2D60071E21B9EE4B00B892BB /* FitnessPointsUITests.xctest */,
			);
			name = Products;
			sourceTree = "<group>";
		};
		2D60070121B9EE4A00B892BB /* FitnessPoints */ = {
			isa = PBXGroup;
			children = (
				2D60070221B9EE4A00B892BB /* AppDelegate.swift */,
				2D0B7AF221BF69D5007DA5D2 /* Views */,
				2D0B7AF121BF69C7007DA5D2 /* Controllers */,
				2D0B7AF321BF69E5007DA5D2 /* Data Models and Utilities */,
				2D60070921B9EE4B00B892BB /* Assets.xcassets */,
				2D60070E21B9EE4B00B892BB /* Info.plist */,
				2DBDAEB121BB097A00E64C63 /* GoogleService-Info.plist */,
			);
			path = FitnessPoints;
			sourceTree = "<group>";
		};
		2D60071621B9EE4B00B892BB /* FitnessPointsTests */ = {
			isa = PBXGroup;
			children = (
				2D60071721B9EE4B00B892BB /* FitnessPointsTests.swift */,
				2D60071921B9EE4B00B892BB /* Info.plist */,
			);
			path = FitnessPointsTests;
			sourceTree = "<group>";
		};
		2D60072121B9EE4B00B892BB /* FitnessPointsUITests */ = {
			isa = PBXGroup;
			children = (
				2D60072221B9EE4B00B892BB /* FitnessPointsUITests.swift */,
				2D60072421B9EE4B00B892BB /* Info.plist */,
			);
			path = FitnessPointsUITests;
			sourceTree = "<group>";
		};
		B7AA51F3788E506C464E0F65 /* Frameworks */ = {
			isa = PBXGroup;
			children = (
				B857074467AC12ED50F53CD8 /* Pods_FitnessPoints.framework */,
				3D96A3FE8ED436E7EF31333D /* Pods_FitnessPointsTests.framework */,
				E050BFBF8324F42C8AA0BF26 /* Pods_FitnessPointsUITests.framework */,
			);
			name = Frameworks;
			sourceTree = "<group>";
		};
		F7741D62E0217D67CC39DDB2 /* Pods */ = {
			isa = PBXGroup;
			children = (
				24A2909C997AE6BB2BD28EA8 /* Pods-FitnessPoints.debug.xcconfig */,
				260BB852C9D18503ECFA2EC9 /* Pods-FitnessPoints.release.xcconfig */,
				9AB2D6812D60F004A185DDB6 /* Pods-FitnessPointsTests.debug.xcconfig */,
				279F18E9B1C56C3EB6CF1234 /* Pods-FitnessPointsTests.release.xcconfig */,
				BCFA345CA53B553A6F1FCEF5 /* Pods-FitnessPointsUITests.debug.xcconfig */,
				18562E2E6DE60D47469B56FC /* Pods-FitnessPointsUITests.release.xcconfig */,
			);
			name = Pods;
			sourceTree = "<group>";
		};
/* End PBXGroup section */

/* Begin PBXNativeTarget section */
		2D6006FE21B9EE4A00B892BB /* FitnessPoints */ = {
			isa = PBXNativeTarget;
			buildConfigurationList = 2D60072721B9EE4B00B892BB /* Build configuration list for PBXNativeTarget "FitnessPoints" */;
			buildPhases = (
				20B3D85CC3408CD1A7D2DACF /* [CP] Check Pods Manifest.lock */,
				2D6006FB21B9EE4A00B892BB /* Sources */,
				2D6006FC21B9EE4A00B892BB /* Frameworks */,
				2D6006FD21B9EE4A00B892BB /* Resources */,
				7D699F25BCD2DC97BCD4759F /* [CP] Embed Pods Frameworks */,
			);
			buildRules = (
			);
			dependencies = (
			);
			name = FitnessPoints;
			productName = FitnessPoints;
			productReference = 2D6006FF21B9EE4A00B892BB /* FitnessPoints.app */;
			productType = "com.apple.product-type.application";
		};
		2D60071221B9EE4B00B892BB /* FitnessPointsTests */ = {
			isa = PBXNativeTarget;
			buildConfigurationList = 2D60072A21B9EE4B00B892BB /* Build configuration list for PBXNativeTarget "FitnessPointsTests" */;
			buildPhases = (
				F661278E2E007619B1A94C0B /* [CP] Check Pods Manifest.lock */,
				2D60070F21B9EE4B00B892BB /* Sources */,
				2D60071021B9EE4B00B892BB /* Frameworks */,
				2D60071121B9EE4B00B892BB /* Resources */,
			);
			buildRules = (
			);
			dependencies = (
				2D60071521B9EE4B00B892BB /* PBXTargetDependency */,
			);
			name = FitnessPointsTests;
			productName = FitnessPointsTests;
			productReference = 2D60071321B9EE4B00B892BB /* FitnessPointsTests.xctest */;
			productType = "com.apple.product-type.bundle.unit-test";
		};
		2D60071D21B9EE4B00B892BB /* FitnessPointsUITests */ = {
			isa = PBXNativeTarget;
			buildConfigurationList = 2D60072D21B9EE4B00B892BB /* Build configuration list for PBXNativeTarget "FitnessPointsUITests" */;
			buildPhases = (
				4CF271EEEA6DB35D0652F7D2 /* [CP] Check Pods Manifest.lock */,
				2D60071A21B9EE4B00B892BB /* Sources */,
				2D60071B21B9EE4B00B892BB /* Frameworks */,
				2D60071C21B9EE4B00B892BB /* Resources */,
			);
			buildRules = (
			);
			dependencies = (
				2D60072021B9EE4B00B892BB /* PBXTargetDependency */,
			);
			name = FitnessPointsUITests;
			productName = FitnessPointsUITests;
			productReference = 2D60071E21B9EE4B00B892BB /* FitnessPointsUITests.xctest */;
			productType = "com.apple.product-type.bundle.ui-testing";
		};
/* End PBXNativeTarget section */

/* Begin PBXProject section */
		2D6006F721B9EE4A00B892BB /* Project object */ = {
			isa = PBXProject;
			attributes = {
				LastSwiftUpdateCheck = 1010;
				LastUpgradeCheck = 1010;
				ORGANIZATIONNAME = "Paul Dickey";
				TargetAttributes = {
					2D6006FE21B9EE4A00B892BB = {
						CreatedOnToolsVersion = 10.1;
						SystemCapabilities = {
							com.apple.BackgroundModes = {
								enabled = 1;
							};
						};
					};
					2D60071221B9EE4B00B892BB = {
						CreatedOnToolsVersion = 10.1;
						TestTargetID = 2D6006FE21B9EE4A00B892BB;
					};
					2D60071D21B9EE4B00B892BB = {
						CreatedOnToolsVersion = 10.1;
						TestTargetID = 2D6006FE21B9EE4A00B892BB;
					};
				};
			};
			buildConfigurationList = 2D6006FA21B9EE4A00B892BB /* Build configuration list for PBXProject "FitnessPoints" */;
			compatibilityVersion = "Xcode 9.3";
			developmentRegion = en;
			hasScannedForEncodings = 0;
			knownRegions = (
				en,
				Base,
			);
			mainGroup = 2D6006F621B9EE4A00B892BB;
			productRefGroup = 2D60070021B9EE4A00B892BB /* Products */;
			projectDirPath = "";
			projectRoot = "";
			targets = (
				2D6006FE21B9EE4A00B892BB /* FitnessPoints */,
				2D60071221B9EE4B00B892BB /* FitnessPointsTests */,
				2D60071D21B9EE4B00B892BB /* FitnessPointsUITests */,
			);
		};
/* End PBXProject section */

/* Begin PBXResourcesBuildPhase section */
		2D6006FD21B9EE4A00B892BB /* Resources */ = {
			isa = PBXResourcesBuildPhase;
			buildActionMask = 2147483647;
			files = (
				2D60070D21B9EE4B00B892BB /* LaunchScreen.storyboard in Resources */,
				2DBDAEB221BB097A00E64C63 /* GoogleService-Info.plist in Resources */,
				2D60070A21B9EE4B00B892BB /* Assets.xcassets in Resources */,
				2D60070821B9EE4A00B892BB /* Main.storyboard in Resources */,
			);
			runOnlyForDeploymentPostprocessing = 0;
		};
		2D60071121B9EE4B00B892BB /* Resources */ = {
			isa = PBXResourcesBuildPhase;
			buildActionMask = 2147483647;
			files = (
			);
			runOnlyForDeploymentPostprocessing = 0;
		};
		2D60071C21B9EE4B00B892BB /* Resources */ = {
			isa = PBXResourcesBuildPhase;
			buildActionMask = 2147483647;
			files = (
			);
			runOnlyForDeploymentPostprocessing = 0;
		};
/* End PBXResourcesBuildPhase section */

/* Begin PBXShellScriptBuildPhase section */
		20B3D85CC3408CD1A7D2DACF /* [CP] Check Pods Manifest.lock */ = {
			isa = PBXShellScriptBuildPhase;
			buildActionMask = 2147483647;
			files = (
			);
			inputFileListPaths = (
			);
			inputPaths = (
				"${PODS_PODFILE_DIR_PATH}/Podfile.lock",
				"${PODS_ROOT}/Manifest.lock",
			);
			name = "[CP] Check Pods Manifest.lock";
			outputFileListPaths = (
			);
			outputPaths = (
				"$(DERIVED_FILE_DIR)/Pods-FitnessPoints-checkManifestLockResult.txt",
			);
			runOnlyForDeploymentPostprocessing = 0;
			shellPath = /bin/sh;
			shellScript = "diff \"${PODS_PODFILE_DIR_PATH}/Podfile.lock\" \"${PODS_ROOT}/Manifest.lock\" > /dev/null\nif [ $? != 0 ] ; then\n    # print error to STDERR\n    echo \"error: The sandbox is not in sync with the Podfile.lock. Run 'pod install' or update your CocoaPods installation.\" >&2\n    exit 1\nfi\n# This output is used by Xcode 'outputs' to avoid re-running this script phase.\necho \"SUCCESS\" > \"${SCRIPT_OUTPUT_FILE_0}\"\n";
			showEnvVarsInLog = 0;
		};
		4CF271EEEA6DB35D0652F7D2 /* [CP] Check Pods Manifest.lock */ = {
			isa = PBXShellScriptBuildPhase;
			buildActionMask = 2147483647;
			files = (
			);
			inputFileListPaths = (
			);
			inputPaths = (
				"${PODS_PODFILE_DIR_PATH}/Podfile.lock",
				"${PODS_ROOT}/Manifest.lock",
			);
			name = "[CP] Check Pods Manifest.lock";
			outputFileListPaths = (
			);
			outputPaths = (
				"$(DERIVED_FILE_DIR)/Pods-FitnessPointsUITests-checkManifestLockResult.txt",
			);
			runOnlyForDeploymentPostprocessing = 0;
			shellPath = /bin/sh;
			shellScript = "diff \"${PODS_PODFILE_DIR_PATH}/Podfile.lock\" \"${PODS_ROOT}/Manifest.lock\" > /dev/null\nif [ $? != 0 ] ; then\n    # print error to STDERR\n    echo \"error: The sandbox is not in sync with the Podfile.lock. Run 'pod install' or update your CocoaPods installation.\" >&2\n    exit 1\nfi\n# This output is used by Xcode 'outputs' to avoid re-running this script phase.\necho \"SUCCESS\" > \"${SCRIPT_OUTPUT_FILE_0}\"\n";
			showEnvVarsInLog = 0;
		};
		7D699F25BCD2DC97BCD4759F /* [CP] Embed Pods Frameworks */ = {
			isa = PBXShellScriptBuildPhase;
			buildActionMask = 2147483647;
			files = (
			);
			inputFileListPaths = (
			);
			inputPaths = (
				"${SRCROOT}/Pods/Target Support Files/Pods-FitnessPoints/Pods-FitnessPoints-frameworks.sh",
				"${BUILT_PRODUCTS_DIR}/GTMSessionFetcher/GTMSessionFetcher.framework",
				"${BUILT_PRODUCTS_DIR}/GoogleUtilities/GoogleUtilities.framework",
				"${BUILT_PRODUCTS_DIR}/SVProgressHUD/SVProgressHUD.framework",
				"${BUILT_PRODUCTS_DIR}/leveldb-library/leveldb.framework",
				"${BUILT_PRODUCTS_DIR}/nanopb/nanopb.framework",
			);
			name = "[CP] Embed Pods Frameworks";
			outputFileListPaths = (
			);
			outputPaths = (
				"${TARGET_BUILD_DIR}/${FRAMEWORKS_FOLDER_PATH}/GTMSessionFetcher.framework",
				"${TARGET_BUILD_DIR}/${FRAMEWORKS_FOLDER_PATH}/GoogleUtilities.framework",
				"${TARGET_BUILD_DIR}/${FRAMEWORKS_FOLDER_PATH}/SVProgressHUD.framework",
				"${TARGET_BUILD_DIR}/${FRAMEWORKS_FOLDER_PATH}/leveldb.framework",
				"${TARGET_BUILD_DIR}/${FRAMEWORKS_FOLDER_PATH}/nanopb.framework",
			);
			runOnlyForDeploymentPostprocessing = 0;
			shellPath = /bin/sh;
			shellScript = "\"${SRCROOT}/Pods/Target Support Files/Pods-FitnessPoints/Pods-FitnessPoints-frameworks.sh\"\n";
			showEnvVarsInLog = 0;
		};
		F661278E2E007619B1A94C0B /* [CP] Check Pods Manifest.lock */ = {
			isa = PBXShellScriptBuildPhase;
			buildActionMask = 2147483647;
			files = (
			);
			inputFileListPaths = (
			);
			inputPaths = (
				"${PODS_PODFILE_DIR_PATH}/Podfile.lock",
				"${PODS_ROOT}/Manifest.lock",
			);
			name = "[CP] Check Pods Manifest.lock";
			outputFileListPaths = (
			);
			outputPaths = (
				"$(DERIVED_FILE_DIR)/Pods-FitnessPointsTests-checkManifestLockResult.txt",
			);
			runOnlyForDeploymentPostprocessing = 0;
			shellPath = /bin/sh;
			shellScript = "diff \"${PODS_PODFILE_DIR_PATH}/Podfile.lock\" \"${PODS_ROOT}/Manifest.lock\" > /dev/null\nif [ $? != 0 ] ; then\n    # print error to STDERR\n    echo \"error: The sandbox is not in sync with the Podfile.lock. Run 'pod install' or update your CocoaPods installation.\" >&2\n    exit 1\nfi\n# This output is used by Xcode 'outputs' to avoid re-running this script phase.\necho \"SUCCESS\" > \"${SCRIPT_OUTPUT_FILE_0}\"\n";
			showEnvVarsInLog = 0;
		};
/* End PBXShellScriptBuildPhase section */

/* Begin PBXSourcesBuildPhase section */
		2D6006FB21B9EE4A00B892BB /* Sources */ = {
			isa = PBXSourcesBuildPhase;
			buildActionMask = 2147483647;
			files = (
				2DFAA26C21C43C1100A66C83 /* Wallet.swift in Sources */,
				2D7EDB3D21C2F91D00A0D12F /* Offer.swift in Sources */,
				2D35398821C1B45500E9317E /* RedeemViewController.swift in Sources */,
				2D60073321B9EEB600B892BB /* DistanceCalculator.swift in Sources */,
				2DEBA5BA21BB0EE500C9B96C /* WelcomeViewController.swift in Sources */,
				2DEBA5BE21BB11BD00C9B96C /* RegisterViewController.swift in Sources */,
				2D35398A21C1C55500E9317E /* WalletViewController.swift in Sources */,
				2DEBA5BC21BB11AF00C9B96C /* LogInViewController.swift in Sources */,
				2DFAE60721BB312B00EB7BA4 /* Points.swift in Sources */,
				2D60070521B9EE4A00B892BB /* ViewController.swift in Sources */,
				2D60070321B9EE4A00B892BB /* AppDelegate.swift in Sources */,
				2D60073121B9EEA700B892BB /* LocationsModel.swift in Sources */,
				2D43AF0021BF28E3006D81DF /* SettingsViewController.swift in Sources */,
			);
			runOnlyForDeploymentPostprocessing = 0;
		};
		2D60070F21B9EE4B00B892BB /* Sources */ = {
			isa = PBXSourcesBuildPhase;
			buildActionMask = 2147483647;
			files = (
				2D60071821B9EE4B00B892BB /* FitnessPointsTests.swift in Sources */,
			);
			runOnlyForDeploymentPostprocessing = 0;
		};
		2D60071A21B9EE4B00B892BB /* Sources */ = {
			isa = PBXSourcesBuildPhase;
			buildActionMask = 2147483647;
			files = (
				2D60072321B9EE4B00B892BB /* FitnessPointsUITests.swift in Sources */,
			);
			runOnlyForDeploymentPostprocessing = 0;
		};
/* End PBXSourcesBuildPhase section */

/* Begin PBXTargetDependency section */
		2D60071521B9EE4B00B892BB /* PBXTargetDependency */ = {
			isa = PBXTargetDependency;
			target = 2D6006FE21B9EE4A00B892BB /* FitnessPoints */;
			targetProxy = 2D60071421B9EE4B00B892BB /* PBXContainerItemProxy */;
		};
		2D60072021B9EE4B00B892BB /* PBXTargetDependency */ = {
			isa = PBXTargetDependency;
			target = 2D6006FE21B9EE4A00B892BB /* FitnessPoints */;
			targetProxy = 2D60071F21B9EE4B00B892BB /* PBXContainerItemProxy */;
		};
/* End PBXTargetDependency section */

/* Begin PBXVariantGroup section */
		2D60070621B9EE4A00B892BB /* Main.storyboard */ = {
			isa = PBXVariantGroup;
			children = (
				2D60070721B9EE4A00B892BB /* Base */,
			);
			name = Main.storyboard;
			sourceTree = "<group>";
		};
		2D60070B21B9EE4B00B892BB /* LaunchScreen.storyboard */ = {
			isa = PBXVariantGroup;
			children = (
				2D60070C21B9EE4B00B892BB /* Base */,
			);
			name = LaunchScreen.storyboard;
			sourceTree = "<group>";
		};
/* End PBXVariantGroup section */

/* Begin XCBuildConfiguration section */
		2D60072521B9EE4B00B892BB /* Debug */ = {
			isa = XCBuildConfiguration;
			buildSettings = {
				ALWAYS_SEARCH_USER_PATHS = NO;
				CLANG_ANALYZER_NONNULL = YES;
				CLANG_ANALYZER_NUMBER_OBJECT_CONVERSION = YES_AGGRESSIVE;
				CLANG_CXX_LANGUAGE_STANDARD = "gnu++14";
				CLANG_CXX_LIBRARY = "libc++";
				CLANG_ENABLE_MODULES = YES;
				CLANG_ENABLE_OBJC_ARC = YES;
				CLANG_ENABLE_OBJC_WEAK = YES;
				CLANG_WARN_BLOCK_CAPTURE_AUTORELEASING = YES;
				CLANG_WARN_BOOL_CONVERSION = YES;
				CLANG_WARN_COMMA = YES;
				CLANG_WARN_CONSTANT_CONVERSION = YES;
				CLANG_WARN_DEPRECATED_OBJC_IMPLEMENTATIONS = YES;
				CLANG_WARN_DIRECT_OBJC_ISA_USAGE = YES_ERROR;
				CLANG_WARN_DOCUMENTATION_COMMENTS = YES;
				CLANG_WARN_EMPTY_BODY = YES;
				CLANG_WARN_ENUM_CONVERSION = YES;
				CLANG_WARN_INFINITE_RECURSION = YES;
				CLANG_WARN_INT_CONVERSION = YES;
				CLANG_WARN_NON_LITERAL_NULL_CONVERSION = YES;
				CLANG_WARN_OBJC_IMPLICIT_RETAIN_SELF = YES;
				CLANG_WARN_OBJC_LITERAL_CONVERSION = YES;
				CLANG_WARN_OBJC_ROOT_CLASS = YES_ERROR;
				CLANG_WARN_RANGE_LOOP_ANALYSIS = YES;
				CLANG_WARN_STRICT_PROTOTYPES = YES;
				CLANG_WARN_SUSPICIOUS_MOVE = YES;
				CLANG_WARN_UNGUARDED_AVAILABILITY = YES_AGGRESSIVE;
				CLANG_WARN_UNREACHABLE_CODE = YES;
				CLANG_WARN__DUPLICATE_METHOD_MATCH = YES;
				CODE_SIGN_IDENTITY = "iPhone Developer";
				COPY_PHASE_STRIP = NO;
				DEBUG_INFORMATION_FORMAT = dwarf;
				ENABLE_STRICT_OBJC_MSGSEND = YES;
				ENABLE_TESTABILITY = YES;
				GCC_C_LANGUAGE_STANDARD = gnu11;
				GCC_DYNAMIC_NO_PIC = NO;
				GCC_NO_COMMON_BLOCKS = YES;
				GCC_OPTIMIZATION_LEVEL = 0;
				GCC_PREPROCESSOR_DEFINITIONS = (
					"DEBUG=1",
					"$(inherited)",
				);
				GCC_WARN_64_TO_32_BIT_CONVERSION = YES;
				GCC_WARN_ABOUT_RETURN_TYPE = YES_ERROR;
				GCC_WARN_UNDECLARED_SELECTOR = YES;
				GCC_WARN_UNINITIALIZED_AUTOS = YES_AGGRESSIVE;
				GCC_WARN_UNUSED_FUNCTION = YES;
				GCC_WARN_UNUSED_VARIABLE = YES;
				IPHONEOS_DEPLOYMENT_TARGET = 12.1;
				MTL_ENABLE_DEBUG_INFO = INCLUDE_SOURCE;
				MTL_FAST_MATH = YES;
				ONLY_ACTIVE_ARCH = YES;
				SDKROOT = iphoneos;
				SWIFT_ACTIVE_COMPILATION_CONDITIONS = DEBUG;
				SWIFT_OPTIMIZATION_LEVEL = "-Onone";
			};
			name = Debug;
		};
		2D60072621B9EE4B00B892BB /* Release */ = {
			isa = XCBuildConfiguration;
			buildSettings = {
				ALWAYS_SEARCH_USER_PATHS = NO;
				CLANG_ANALYZER_NONNULL = YES;
				CLANG_ANALYZER_NUMBER_OBJECT_CONVERSION = YES_AGGRESSIVE;
				CLANG_CXX_LANGUAGE_STANDARD = "gnu++14";
				CLANG_CXX_LIBRARY = "libc++";
				CLANG_ENABLE_MODULES = YES;
				CLANG_ENABLE_OBJC_ARC = YES;
				CLANG_ENABLE_OBJC_WEAK = YES;
				CLANG_WARN_BLOCK_CAPTURE_AUTORELEASING = YES;
				CLANG_WARN_BOOL_CONVERSION = YES;
				CLANG_WARN_COMMA = YES;
				CLANG_WARN_CONSTANT_CONVERSION = YES;
				CLANG_WARN_DEPRECATED_OBJC_IMPLEMENTATIONS = YES;
				CLANG_WARN_DIRECT_OBJC_ISA_USAGE = YES_ERROR;
				CLANG_WARN_DOCUMENTATION_COMMENTS = YES;
				CLANG_WARN_EMPTY_BODY = YES;
				CLANG_WARN_ENUM_CONVERSION = YES;
				CLANG_WARN_INFINITE_RECURSION = YES;
				CLANG_WARN_INT_CONVERSION = YES;
				CLANG_WARN_NON_LITERAL_NULL_CONVERSION = YES;
				CLANG_WARN_OBJC_IMPLICIT_RETAIN_SELF = YES;
				CLANG_WARN_OBJC_LITERAL_CONVERSION = YES;
				CLANG_WARN_OBJC_ROOT_CLASS = YES_ERROR;
				CLANG_WARN_RANGE_LOOP_ANALYSIS = YES;
				CLANG_WARN_STRICT_PROTOTYPES = YES;
				CLANG_WARN_SUSPICIOUS_MOVE = YES;
				CLANG_WARN_UNGUARDED_AVAILABILITY = YES_AGGRESSIVE;
				CLANG_WARN_UNREACHABLE_CODE = YES;
				CLANG_WARN__DUPLICATE_METHOD_MATCH = YES;
				CODE_SIGN_IDENTITY = "iPhone Developer";
				COPY_PHASE_STRIP = NO;
				DEBUG_INFORMATION_FORMAT = "dwarf-with-dsym";
				ENABLE_NS_ASSERTIONS = NO;
				ENABLE_STRICT_OBJC_MSGSEND = YES;
				GCC_C_LANGUAGE_STANDARD = gnu11;
				GCC_NO_COMMON_BLOCKS = YES;
				GCC_WARN_64_TO_32_BIT_CONVERSION = YES;
				GCC_WARN_ABOUT_RETURN_TYPE = YES_ERROR;
				GCC_WARN_UNDECLARED_SELECTOR = YES;
				GCC_WARN_UNINITIALIZED_AUTOS = YES_AGGRESSIVE;
				GCC_WARN_UNUSED_FUNCTION = YES;
				GCC_WARN_UNUSED_VARIABLE = YES;
				IPHONEOS_DEPLOYMENT_TARGET = 12.1;
				MTL_ENABLE_DEBUG_INFO = NO;
				MTL_FAST_MATH = YES;
				SDKROOT = iphoneos;
				SWIFT_COMPILATION_MODE = wholemodule;
				SWIFT_OPTIMIZATION_LEVEL = "-O";
				VALIDATE_PRODUCT = YES;
			};
			name = Release;
		};
		2D60072821B9EE4B00B892BB /* Debug */ = {
			isa = XCBuildConfiguration;
			baseConfigurationReference = 24A2909C997AE6BB2BD28EA8 /* Pods-FitnessPoints.debug.xcconfig */;
			buildSettings = {
				ASSETCATALOG_COMPILER_APPICON_NAME = AppIcon;
				CODE_SIGN_STYLE = Automatic;
				DEVELOPMENT_TEAM = HZJ7C93M83;
				INFOPLIST_FILE = FitnessPoints/Info.plist;
				IPHONEOS_DEPLOYMENT_TARGET = 12.0;
				LD_RUNPATH_SEARCH_PATHS = (
					"$(inherited)",
					"@executable_path/Frameworks",
				);
				PRODUCT_BUNDLE_IDENTIFIER = com.pauldickey.FitnessPoints2;
				PRODUCT_NAME = "$(TARGET_NAME)";
				SWIFT_VERSION = 4.2;
				TARGETED_DEVICE_FAMILY = "1,2";
			};
			name = Debug;
		};
		2D60072921B9EE4B00B892BB /* Release */ = {
			isa = XCBuildConfiguration;
			baseConfigurationReference = 260BB852C9D18503ECFA2EC9 /* Pods-FitnessPoints.release.xcconfig */;
			buildSettings = {
				ASSETCATALOG_COMPILER_APPICON_NAME = AppIcon;
				CODE_SIGN_STYLE = Automatic;
				DEVELOPMENT_TEAM = HZJ7C93M83;
				INFOPLIST_FILE = FitnessPoints/Info.plist;
				IPHONEOS_DEPLOYMENT_TARGET = 12.0;
				LD_RUNPATH_SEARCH_PATHS = (
					"$(inherited)",
					"@executable_path/Frameworks",
				);
				PRODUCT_BUNDLE_IDENTIFIER = com.pauldickey.FitnessPoints2;
				PRODUCT_NAME = "$(TARGET_NAME)";
				SWIFT_VERSION = 4.2;
				TARGETED_DEVICE_FAMILY = "1,2";
			};
			name = Release;
		};
		2D60072B21B9EE4B00B892BB /* Debug */ = {
			isa = XCBuildConfiguration;
			baseConfigurationReference = 9AB2D6812D60F004A185DDB6 /* Pods-FitnessPointsTests.debug.xcconfig */;
			buildSettings = {
				ALWAYS_EMBED_SWIFT_STANDARD_LIBRARIES = YES;
				BUNDLE_LOADER = "$(TEST_HOST)";
				CODE_SIGN_STYLE = Automatic;
				DEVELOPMENT_TEAM = S6TAY9VTDK;
				INFOPLIST_FILE = FitnessPointsTests/Info.plist;
				LD_RUNPATH_SEARCH_PATHS = (
					"$(inherited)",
					"@executable_path/Frameworks",
					"@loader_path/Frameworks",
				);
				PRODUCT_BUNDLE_IDENTIFIER = com.pauldjdickey.FitnessPointsTests;
				PRODUCT_NAME = "$(TARGET_NAME)";
				SWIFT_VERSION = 4.2;
				TARGETED_DEVICE_FAMILY = "1,2";
				TEST_HOST = "$(BUILT_PRODUCTS_DIR)/FitnessPoints.app/FitnessPoints";
			};
			name = Debug;
		};
		2D60072C21B9EE4B00B892BB /* Release */ = {
			isa = XCBuildConfiguration;
			baseConfigurationReference = 279F18E9B1C56C3EB6CF1234 /* Pods-FitnessPointsTests.release.xcconfig */;
			buildSettings = {
				ALWAYS_EMBED_SWIFT_STANDARD_LIBRARIES = YES;
				BUNDLE_LOADER = "$(TEST_HOST)";
				CODE_SIGN_STYLE = Automatic;
				DEVELOPMENT_TEAM = S6TAY9VTDK;
				INFOPLIST_FILE = FitnessPointsTests/Info.plist;
				LD_RUNPATH_SEARCH_PATHS = (
					"$(inherited)",
					"@executable_path/Frameworks",
					"@loader_path/Frameworks",
				);
				PRODUCT_BUNDLE_IDENTIFIER = com.pauldjdickey.FitnessPointsTests;
				PRODUCT_NAME = "$(TARGET_NAME)";
				SWIFT_VERSION = 4.2;
				TARGETED_DEVICE_FAMILY = "1,2";
				TEST_HOST = "$(BUILT_PRODUCTS_DIR)/FitnessPoints.app/FitnessPoints";
			};
			name = Release;
		};
		2D60072E21B9EE4B00B892BB /* Debug */ = {
			isa = XCBuildConfiguration;
			baseConfigurationReference = BCFA345CA53B553A6F1FCEF5 /* Pods-FitnessPointsUITests.debug.xcconfig */;
			buildSettings = {
				ALWAYS_EMBED_SWIFT_STANDARD_LIBRARIES = YES;
				CODE_SIGN_STYLE = Automatic;
				DEVELOPMENT_TEAM = S6TAY9VTDK;
				INFOPLIST_FILE = FitnessPointsUITests/Info.plist;
				LD_RUNPATH_SEARCH_PATHS = (
					"$(inherited)",
					"@executable_path/Frameworks",
					"@loader_path/Frameworks",
				);
				PRODUCT_BUNDLE_IDENTIFIER = com.pauldjdickey.FitnessPointsUITests;
				PRODUCT_NAME = "$(TARGET_NAME)";
				SWIFT_VERSION = 4.2;
				TARGETED_DEVICE_FAMILY = "1,2";
				TEST_TARGET_NAME = FitnessPoints;
			};
			name = Debug;
		};
		2D60072F21B9EE4B00B892BB /* Release */ = {
			isa = XCBuildConfiguration;
			baseConfigurationReference = 18562E2E6DE60D47469B56FC /* Pods-FitnessPointsUITests.release.xcconfig */;
			buildSettings = {
				ALWAYS_EMBED_SWIFT_STANDARD_LIBRARIES = YES;
				CODE_SIGN_STYLE = Automatic;
				DEVELOPMENT_TEAM = S6TAY9VTDK;
				INFOPLIST_FILE = FitnessPointsUITests/Info.plist;
				LD_RUNPATH_SEARCH_PATHS = (
					"$(inherited)",
					"@executable_path/Frameworks",
					"@loader_path/Frameworks",
				);
				PRODUCT_BUNDLE_IDENTIFIER = com.pauldjdickey.FitnessPointsUITests;
				PRODUCT_NAME = "$(TARGET_NAME)";
				SWIFT_VERSION = 4.2;
				TARGETED_DEVICE_FAMILY = "1,2";
				TEST_TARGET_NAME = FitnessPoints;
			};
			name = Release;
		};
/* End XCBuildConfiguration section */

/* Begin XCConfigurationList section */
		2D6006FA21B9EE4A00B892BB /* Build configuration list for PBXProject "FitnessPoints" */ = {
			isa = XCConfigurationList;
			buildConfigurations = (
				2D60072521B9EE4B00B892BB /* Debug */,
				2D60072621B9EE4B00B892BB /* Release */,
			);
			defaultConfigurationIsVisible = 0;
			defaultConfigurationName = Release;
		};
		2D60072721B9EE4B00B892BB /* Build configuration list for PBXNativeTarget "FitnessPoints" */ = {
			isa = XCConfigurationList;
			buildConfigurations = (
				2D60072821B9EE4B00B892BB /* Debug */,
				2D60072921B9EE4B00B892BB /* Release */,
			);
			defaultConfigurationIsVisible = 0;
			defaultConfigurationName = Release;
		};
		2D60072A21B9EE4B00B892BB /* Build configuration list for PBXNativeTarget "FitnessPointsTests" */ = {
			isa = XCConfigurationList;
			buildConfigurations = (
				2D60072B21B9EE4B00B892BB /* Debug */,
				2D60072C21B9EE4B00B892BB /* Release */,
			);
			defaultConfigurationIsVisible = 0;
			defaultConfigurationName = Release;
		};
		2D60072D21B9EE4B00B892BB /* Build configuration list for PBXNativeTarget "FitnessPointsUITests" */ = {
			isa = XCConfigurationList;
			buildConfigurations = (
				2D60072E21B9EE4B00B892BB /* Debug */,
				2D60072F21B9EE4B00B892BB /* Release */,
			);
			defaultConfigurationIsVisible = 0;
			defaultConfigurationName = Release;
		};
/* End XCConfigurationList section */
	};
	rootObject = 2D6006F721B9EE4A00B892BB /* Project object */;
}
